
Microsoft Visual Studio Solution File, Format Version 12.00
# Visual Studio Version 17
VisualStudioVersion = 17.5.33530.505
MinimumVisualStudioVersion = 10.0.40219.1
Project("{FAE04EC0-301F-11D3-BF4B-00C04F79EFBC}") = "work2", "work2\work2.csproj", "{6339F86D-F7CC-4449-9936-725AE951BDEB}"
EndProject
Project("{2150E333-8FDC-42A3-9474-1A3956D46DE8}") = "Элементы решения", "Элементы решения", "{CAEB7503-5596-4BE8-A1D8-345DAD692ED2}"
EndProject
Global
	GlobalSection(SolutionConfigurationPlatforms) = preSolution
		Debug|Any CPU = Debug|Any CPU
		Release|Any CPU = Release|Any CPU
	EndGlobalSection
	GlobalSection(ProjectConfigurationPlatforms) = postSolution
		{6339F86D-F7CC-4449-9936-725AE951BDEB}.Debug|Any CPU.ActiveCfg = Debug|Any CPU
		{6339F86D-F7CC-4449-9936-725AE951BDEB}.Debug|Any CPU.Build.0 = Debug|Any CPU
		{6339F86D-F7CC-4449-9936-725AE951BDEB}.Release|Any CPU.ActiveCfg = Release|Any CPU
		{6339F86D-F7CC-4449-9936-725AE951BDEB}.Release|Any CPU.Build.0 = Release|Any CPU
	EndGlobalSection
	GlobalSection(SolutionProperties) = preSolution
		HideSolutionNode = FALSE
	EndGlobalSection
	GlobalSection(ExtensibilityGlobals) = postSolution
		SolutionGuid = {15BAFA70-1612-4E70-B073-FD6C065CFE10}
	EndGlobalSection
EndGlobal
